
Microsoft Visual Studio Solution File, Format Version 12.00
# Visual Studio 15
VisualStudioVersion = 15.0.27130.2010
MinimumVisualStudioVersion = 10.0.40219.1
Project("{FAE04EC0-301F-11D3-BF4B-00C04F79EFBC}") = "RightsAir", "RightsAir\RightsAir.csproj", "{62F1097A-8CB4-4EB5-B4C0-8824A0FC6F77}"
EndProject
Global
	GlobalSection(SolutionConfigurationPlatforms) = preSolution
		Debug|Any CPU = Debug|Any CPU
		Release|Any CPU = Release|Any CPU
	EndGlobalSection
	GlobalSection(ProjectConfigurationPlatforms) = postSolution
		{62F1097A-8CB4-4EB5-B4C0-8824A0FC6F77}.Debug|Any CPU.ActiveCfg = Debug|Any CPU
		{62F1097A-8CB4-4EB5-B4C0-8824A0FC6F77}.Debug|Any CPU.Build.0 = Debug|Any CPU
		{62F1097A-8CB4-4EB5-B4C0-8824A0FC6F77}.Release|Any CPU.ActiveCfg = Release|Any CPU
		{62F1097A-8CB4-4EB5-B4C0-8824A0FC6F77}.Release|Any CPU.Build.0 = Release|Any CPU
	EndGlobalSection
	GlobalSection(SolutionProperties) = preSolution
		HideSolutionNode = FALSE
	EndGlobalSection
	GlobalSection(ExtensibilityGlobals) = postSolution
		SolutionGuid = {9EE31101-88DD-47A7-985C-A43B6B384C4C}
	EndGlobalSection
EndGlobal
